Microsoft Visual Studio Solution File, Format Version 12.00
# Visual Studio Version 17
VisualStudioVersion = 17.0.31611.283
MinimumVisualStudioVersion = 10.0.40219.1
Project("{9A19103F-16F7-4668-BE54-9A1E7A4F7556}") = "FlowerCRM", "FlowerCRM.csproj", "{CDF597CE-EDE0-48D3-B467-5255790FBEBF}"
EndProject
Global
	GlobalSection(SolutionConfigurationPlatforms) = preSolution
		Debug|Any CPU = Debug|Any CPU
		Release|Any CPU = Release|Any CPU
	EndGlobalSection
	GlobalSection(ProjectConfigurationPlatforms) = postSolution
		{CDF597CE-EDE0-48D3-B467-5255790FBEBF}.Debug|Any CPU.ActiveCfg = Debug|Any CPU
		{CDF597CE-EDE0-48D3-B467-5255790FBEBF}.Debug|Any CPU.Build.0 = Debug|Any CPU
		{CDF597CE-EDE0-48D3-B467-5255790FBEBF}.Debug|Any CPU.Deploy.0 = Debug|Any CPU
		{CDF597CE-EDE0-48D3-B467-5255790FBEBF}.Release|Any CPU.ActiveCfg = Release|Any CPU
		{CDF597CE-EDE0-48D3-B467-5255790FBEBF}.Release|Any CPU.Build.0 = Release|Any CPU
		{CDF597CE-EDE0-48D3-B467-5255790FBEBF}.Release|Any CPU.Deploy.0 = Release|Any CPU
	EndGlobalSection
	GlobalSection(SolutionProperties) = preSolution
		HideSolutionNode = FALSE
	EndGlobalSection
	GlobalSection(ExtensibilityGlobals) = postSolution
		        SolutionGuid = {61F7FB11-1E47-470C-91E2-47F8143E1572}
		SolutionGuid = {709FE7A6-CA25-426E-8994-DB7FB1FF1017}
	EndGlobalSection
EndGlobal
